
Microsoft Visual Studio Solution File, Format Version 12.00
# Visual Studio 15
VisualStudioVersion = 15.0.27428.2037
MinimumVisualStudioVersion = 10.0.40219.1
Project("{888888A0-9F3D-457C-B088-3A5042F75D52}") = "python_server", "python_server\python_server.pyproj", "{13716E56-0AEA-4538-A141-10FA7AA2BDE2}"
EndProject
Global
	GlobalSection(SolutionConfigurationPlatforms) = preSolution
		Debug|Any CPU = Debug|Any CPU
		Release|Any CPU = Release|Any CPU
	EndGlobalSection
	GlobalSection(ProjectConfigurationPlatforms) = postSolution
		{13716E56-0AEA-4538-A141-10FA7AA2BDE2}.Debug|Any CPU.ActiveCfg = Debug|Any CPU
		{13716E56-0AEA-4538-A141-10FA7AA2BDE2}.Release|Any CPU.ActiveCfg = Release|Any CPU
	EndGlobalSection
	GlobalSection(SolutionProperties) = preSolution
		HideSolutionNode = FALSE
	EndGlobalSection
	GlobalSection(ExtensibilityGlobals) = postSolution
		SolutionGuid = {48895169-EE6F-467F-9AEE-1A089028EA82}
	EndGlobalSection
EndGlobal
